
Microsoft Visual Studio Solution File, Format Version 12.00
# Visual Studio Version 16
VisualStudioVersion = 16.0.31613.86
MinimumVisualStudioVersion = 10.0.40219.1
Project("{9A19103F-16F7-4668-BE54-9A1E7A4F7556}") = "testalgorithm", "testalgorithm.csproj", "{7AF1C7C1-3AF0-46CB-B090-A5B84E6B5C2C}"
EndProject
Project("{FAE04EC0-301F-11D3-BF4B-00C04F79EFBC}") = "LinkedList_External", "..\LinkedList_External\LinkedList_External.csproj", "{81E0E71B-2344-4F57-9A03-93F35BDC7698}"
EndProject
Global
	GlobalSection(SolutionConfigurationPlatforms) = preSolution
		Debug|Any CPU = Debug|Any CPU
		Release|Any CPU = Release|Any CPU
	EndGlobalSection
	GlobalSection(ProjectConfigurationPlatforms) = postSolution
		{7AF1C7C1-3AF0-46CB-B090-A5B84E6B5C2C}.Debug|Any CPU.ActiveCfg = Debug|Any CPU
		{7AF1C7C1-3AF0-46CB-B090-A5B84E6B5C2C}.Debug|Any CPU.Build.0 = Debug|Any CPU
		{7AF1C7C1-3AF0-46CB-B090-A5B84E6B5C2C}.Release|Any CPU.ActiveCfg = Release|Any CPU
		{7AF1C7C1-3AF0-46CB-B090-A5B84E6B5C2C}.Release|Any CPU.Build.0 = Release|Any CPU
		{81E0E71B-2344-4F57-9A03-93F35BDC7698}.Debug|Any CPU.ActiveCfg = Debug|Any CPU
		{81E0E71B-2344-4F57-9A03-93F35BDC7698}.Debug|Any CPU.Build.0 = Debug|Any CPU
		{81E0E71B-2344-4F57-9A03-93F35BDC7698}.Release|Any CPU.ActiveCfg = Release|Any CPU
		{81E0E71B-2344-4F57-9A03-93F35BDC7698}.Release|Any CPU.Build.0 = Release|Any CPU
	EndGlobalSection
	GlobalSection(SolutionProperties) = preSolution
		HideSolutionNode = FALSE
	EndGlobalSection
	GlobalSection(ExtensibilityGlobals) = postSolution
		SolutionGuid = {CC714043-D673-48D4-805B-A2DBBFBC74BF}
	EndGlobalSection
EndGlobal
